// !$*UTF8*$!
{
	archiveVersion = 1;
	classes = {
	};
	objectVersion = 50;
	objects = {

/* Begin PBXBuildFile section */
		3B563CCB2428881D00230007 /* AppDelegate.swift in Sources */ = {isa = PBXBuildFile; fileRef = 3B563CCA2428881D00230007 /* AppDelegate.swift */; };
		3B563CCD2428881D00230007 /* SceneDelegate.swift in Sources */ = {isa = PBXBuildFile; fileRef = 3B563CCC2428881D00230007 /* SceneDelegate.swift */; };
		3B563CCF2428881D00230007 /* ViewController.swift in Sources */ = {isa = PBXBuildFile; fileRef = 3B563CCE2428881D00230007 /* ViewController.swift */; };
		3B563CD22428881D00230007 /* Main.storyboard in Resources */ = {isa = PBXBuildFile; fileRef = 3B563CD02428881D00230007 /* Main.storyboard */; };
		3B563CD42428881E00230007 /* Assets.xcassets in Resources */ = {isa = PBXBuildFile; fileRef = 3B563CD32428881E00230007 /* Assets.xcassets */; };
		3B563CD72428881E00230007 /* LaunchScreen.storyboard in Resources */ = {isa = PBXBuildFile; fileRef = 3B563CD52428881E00230007 /* LaunchScreen.storyboard */; };
		3BE14D18242DDBF200EA9589 /* Concentration.swift in Sources */ = {isa = PBXBuildFile; fileRef = 3BE14D17242DDBF200EA9589 /* Concentration.swift */; };
		3BE14D1A242DDCBE00EA9589 /* Card.swift in Sources */ = {isa = PBXBuildFile; fileRef = 3BE14D19242DDCBE00EA9589 /* Card.swift */; };
/* End PBXBuildFile section */

/* Begin PBXFileReference section */
		3B563CC72428881D00230007 /* concentration2020.app */ = {isa = PBXFileReference; explicitFileType = wrapper.application; includeInIndex = 0; path = concentration2020.app; sourceTree = BUILT_PRODUCTS_DIR; };
		3B563CCA2428881D00230007 /* AppDelegate.swift */ = {isa = PBXFileReference; lastKnownFileType = sourcecode.swift; path = AppDelegate.swift; sourceTree = "<group>"; };
		3B563CCC2428881D00230007 /* SceneDelegate.swift */ = {isa = PBXFileReference; lastKnownFileType = sourcecode.swift; path = SceneDelegate.swift; sourceTree = "<group>"; };
		3B563CCE2428881D00230007 /* ViewController.swift */ = {isa = PBXFileReference; lastKnownFileType = sourcecode.swift; path = ViewController.swift; sourceTree = "<group>"; };
		3B563CD12428881D00230007 /* Base */ = {isa = PBXFileReference; lastKnownFileType = file.storyboard; name = Base; path = Base.lproj/Main.storyboard; sourceTree = "<group>"; };
		3B563CD32428881E00230007 /* Assets.xcassets */ = {isa = PBXFileReference; lastKnownFileType = folder.assetcatalog; path = Assets.xcassets; sourceTree = "<group>"; };
		3B563CD62428881E00230007 /* Base */ = {isa = PBXFileReference; lastKnownFileType = file.storyboard; name = Base; path = Base.lproj/LaunchScreen.storyboard; sourceTree = "<group>"; };
		3B563CD82428881E00230007 /* Info.plist */ = {isa = PBXFileReference; lastKnownFileType = text.plist.xml; path = Info.plist; sourceTree = "<group>"; };
		3BE14D17242DDBF200EA9589 /* Concentration.swift */ = {isa = PBXFileReference; lastKnownFileType = sourcecode.swift; path = Concentration.swift; sourceTree = SOURCE_ROOT; };
		3BE14D19242DDCBE00EA9589 /* Card.swift */ = {isa = PBXFileReference; lastKnownFileType = sourcecode.swift; path = Card.swift; sourceTree = "<group>"; };
/* End PBXFileReference section */

/* Begin PBXFrameworksBuildPhase section */
		3B563CC42428881D00230007 /* Frameworks */ = {
			isa = PBXFrameworksBuildPhase;
			buildActionMask = 2147483647;
			files = (
			);
			runOnlyForDeploymentPostprocessing = 0;
		};
/* End PBXFrameworksBuildPhase section */

/* Begin PBXGroup section */
		3B563CBE2428881D00230007 = {
			isa = PBXGroup;
			children = (
				3B563CC92428881D00230007 /* concentration2020 */,
				3B563CC82428881D00230007 /* Products */,
			);
			sourceTree = "<group>";
		};
		3B563CC82428881D00230007 /* Products */ = {
			isa = PBXGroup;
			children = (
				3B563CC72428881D00230007 /* concentration2020.app */,
			);
			name = Products;
			sourceTree = "<group>";
		};
		3B563CC92428881D00230007 /* concentration2020 */ = {
			isa = PBXGroup;
			children = (
				3BE14D17242DDBF200EA9589 /* Concentration.swift */,
				3BE14D19242DDCBE00EA9589 /* Card.swift */,
				3B563CCE2428881D00230007 /* ViewController.swift */,
				3B563CD02428881D00230007 /* Main.storyboard */,
				3B563CDE242889A300230007 /* Support files */,
				3B563CD82428881E00230007 /* Info.plist */,
			);
			path = concentration2020;
			sourceTree = "<group>";
		};
		3B563CDE242889A300230007 /* Support files */ = {
			isa = PBXGroup;
			children = (
				3B563CCC2428881D00230007 /* SceneDelegate.swift */,
				3B563CD32428881E00230007 /* Assets.xcassets */,
				3B563CCA2428881D00230007 /* AppDelegate.swift */,
				3B563CD52428881E00230007 /* LaunchScreen.storyboard */,
			);
			path = "Support files";
			sourceTree = "<group>";
		};
/* End PBXGroup section */

/* Begin PBXNativeTarget section */
		3B563CC62428881D00230007 /* concentration2020 */ = {
			isa = PBXNativeTarget;
			buildConfigurationList = 3B563CDB2428881E00230007 /* Build configuration list for PBXNativeTarget "concentration2020" */;
			buildPhases = (
				3B563CC32428881D00230007 /* Sources */,
				3B563CC42428881D00230007 /* Frameworks */,
				3B563CC52428881D00230007 /* Resources */,
			);
			buildRules = (
			);
			dependencies = (
			);
			name = concentration2020;
			productName = concentration2020;
			productReference = 3B563CC72428881D00230007 /* concentration2020.app */;
			productType = "com.apple.product-type.application";
		};
/* End PBXNativeTarget section */

/* Begin PBXProject section */
		3B563CBF2428881D00230007 /* Project object */ = {
			isa = PBXProject;
			attributes = {
				LastSwiftUpdateCheck = 1130;
				LastUpgradeCheck = 1130;
				ORGANIZATIONNAME = krupakhar;
				TargetAttributes = {
					3B563CC62428881D00230007 = {
						CreatedOnToolsVersion = 11.3.1;
					};
				};
			};
			buildConfigurationList = 3B563CC22428881D00230007 /* Build configuration list for PBXProject "concentration2020" */;
			compatibilityVersion = "Xcode 9.3";
			developmentRegion = en;
			hasScannedForEncodings = 0;
			knownRegions = (
				en,
				Base,
			);
			mainGroup = 3B563CBE2428881D00230007;
			productRefGroup = 3B563CC82428881D00230007 /* Products */;
			projectDirPath = "";
			projectRoot = "";
			targets = (
				3B563CC62428881D00230007 /* concentration2020 */,
			);
		};
/* End PBXProject section */

/* Begin PBXResourcesBuildPhase section */
		3B563CC52428881D00230007 /* Resources */ = {
			isa = PBXResourcesBuildPhase;
			buildActionMask = 2147483647;
			files = (
				3B563CD72428881E00230007 /* LaunchScreen.storyboard in Resources */,
				3B563CD42428881E00230007 /* Assets.xcassets in Resources */,
				3B563CD22428881D00230007 /* Main.storyboard in Resources */,
			);
			runOnlyForDeploymentPostprocessing = 0;
		};
/* End PBXResourcesBuildPhase section */

/* Begin PBXSourcesBuildPhase section */
		3B563CC32428881D00230007 /* Sources */ = {
			isa = PBXSourcesBuildPhase;
			buildActionMask = 2147483647;
			files = (
				3B563CCF2428881D00230007 /* ViewController.swift in Sources */,
				3BE14D18242DDBF200EA9589 /* Concentration.swift in Sources */,
				3BE14D1A242DDCBE00EA9589 /* Card.swift in Sources */,
				3B563CCB2428881D00230007 /* AppDelegate.swift in Sources */,
				3B563CCD2428881D00230007 /* SceneDelegate.swift in Sources */,
			);
			runOnlyForDeploymentPostprocessing = 0;
		};
/* End PBXSourcesBuildPhase section */

/* Begin PBXVariantGroup section */
		3B563CD02428881D00230007 /* Main.storyboard */ = {
			isa = PBXVariantGroup;
			children = (
				3B563CD12428881D00230007 /* Base */,
			);
			name = Main.storyboard;
			sourceTree = "<group>";
		};
		3B563CD52428881E00230007 /* LaunchScreen.storyboard */ = {
			isa = PBXVariantGroup;
			children = (
				3B563CD62428881E00230007 /* Base */,
			);
			name = LaunchScreen.storyboard;
			sourceTree = "<group>";
		};
/* End PBXVariantGroup section */

/* Begin XCBuildConfiguration section */
		3B563CD92428881E00230007 /* Debug */ = {
			isa = XCBuildConfiguration;
			buildSettings = {
				ALWAYS_SEARCH_USER_PATHS = NO;
				CLANG_ANALYZER_NONNULL = YES;
				CLANG_ANALYZER_NUMBER_OBJECT_CONVERSION = YES_AGGRESSIVE;
				CLANG_CXX_LANGUAGE_STANDARD = "gnu++14";
				CLANG_CXX_LIBRARY = "libc++";
				CLANG_ENABLE_MODULES = YES;
				CLANG_ENABLE_OBJC_ARC = YES;
				CLANG_ENABLE_OBJC_WEAK = YES;
				CLANG_WARN_BLOCK_CAPTURE_AUTORELEASING = YES;
				CLANG_WARN_BOOL_CONVERSION = YES;
				CLANG_WARN_COMMA = YES;
				CLANG_WARN_CONSTANT_CONVERSION = YES;
				CLANG_WARN_DEPRECATED_OBJC_IMPLEMENTATIONS = YES;
				CLANG_WARN_DIRECT_OBJC_ISA_USAGE = YES_ERROR;
				CLANG_WARN_DOCUMENTATION_COMMENTS = YES;
				CLANG_WARN_EMPTY_BODY = YES;
				CLANG_WARN_ENUM_CONVERSION = YES;
				CLANG_WARN_INFINITE_RECURSION = YES;
				CLANG_WARN_INT_CONVERSION = YES;
				CLANG_WARN_NON_LITERAL_NULL_CONVERSION = YES;
				CLANG_WARN_OBJC_IMPLICIT_RETAIN_SELF = YES;
				CLANG_WARN_OBJC_LITERAL_CONVERSION = YES;
				CLANG_WARN_OBJC_ROOT_CLASS = YES_ERROR;
				CLANG_WARN_RANGE_LOOP_ANALYSIS = YES;
				CLANG_WARN_STRICT_PROTOTYPES = YES;
				CLANG_WARN_SUSPICIOUS_MOVE = YES;
				CLANG_WARN_UNGUARDED_AVAILABILITY = YES_AGGRESSIVE;
				CLANG_WARN_UNREACHABLE_CODE = YES;
				CLANG_WARN__DUPLICATE_METHOD_MATCH = YES;
				COPY_PHASE_STRIP = NO;
				DEBUG_INFORMATION_FORMAT = dwarf;
				ENABLE_STRICT_OBJC_MSGSEND = YES;
				ENABLE_TESTABILITY = YES;
				GCC_C_LANGUAGE_STANDARD = gnu11;
				GCC_DYNAMIC_NO_PIC = NO;
				GCC_NO_COMMON_BLOCKS = YES;
				GCC_OPTIMIZATION_LEVEL = 0;
				GCC_PREPROCESSOR_DEFINITIONS = (
					"DEBUG=1",
					"$(inherited)",
				);
				GCC_WARN_64_TO_32_BIT_CONVERSION = YES;
				GCC_WARN_ABOUT_RETURN_TYPE = YES_ERROR;
				GCC_WARN_UNDECLARED_SELECTOR = YES;
				GCC_WARN_UNINITIALIZED_AUTOS = YES_AGGRESSIVE;
				GCC_WARN_UNUSED_FUNCTION = YES;
				GCC_WARN_UNUSED_VARIABLE = YES;
				IPHONEOS_DEPLOYMENT_TARGET = 13.2;
				MTL_ENABLE_DEBUG_INFO = INCLUDE_SOURCE;
				MTL_FAST_MATH = YES;
				ONLY_ACTIVE_ARCH = YES;
				SDKROOT = iphoneos;
				SWIFT_ACTIVE_COMPILATION_CONDITIONS = DEBUG;
				SWIFT_OPTIMIZATION_LEVEL = "-Onone";
			};
			name = Debug;
		};
		3B563CDA2428881E00230007 /* Release */ = {
			isa = XCBuildConfiguration;
			buildSettings = {
				ALWAYS_SEARCH_USER_PATHS = NO;
				CLANG_ANALYZER_NONNULL = YES;
				CLANG_ANALYZER_NUMBER_OBJECT_CONVERSION = YES_AGGRESSIVE;
				CLANG_CXX_LANGUAGE_STANDARD = "gnu++14";
				CLANG_CXX_LIBRARY = "libc++";
				CLANG_ENABLE_MODULES = YES;
				CLANG_ENABLE_OBJC_ARC = YES;
				CLANG_ENABLE_OBJC_WEAK = YES;
				CLANG_WARN_BLOCK_CAPTURE_AUTORELEASING = YES;
				CLANG_WARN_BOOL_CONVERSION = YES;
				CLANG_WARN_COMMA = YES;
				CLANG_WARN_CONSTANT_CONVERSION = YES;
				CLANG_WARN_DEPRECATED_OBJC_IMPLEMENTATIONS = YES;
				CLANG_WARN_DIRECT_OBJC_ISA_USAGE = YES_ERROR;
				CLANG_WARN_DOCUMENTATION_COMMENTS = YES;
				CLANG_WARN_EMPTY_BODY = YES;
				CLANG_WARN_ENUM_CONVERSION = YES;
				CLANG_WARN_INFINITE_RECURSION = YES;
				CLANG_WARN_INT_CONVERSION = YES;
				CLANG_WARN_NON_LITERAL_NULL_CONVERSION = YES;
				CLANG_WARN_OBJC_IMPLICIT_RETAIN_SELF = YES;
				CLANG_WARN_OBJC_LITERAL_CONVERSION = YES;
				CLANG_WARN_OBJC_ROOT_CLASS = YES_ERROR;
				CLANG_WARN_RANGE_LOOP_ANALYSIS = YES;
				CLANG_WARN_STRICT_PROTOTYPES = YES;
				CLANG_WARN_SUSPICIOUS_MOVE = YES;
				CLANG_WARN_UNGUARDED_AVAILABILITY = YES_AGGRESSIVE;
				CLANG_WARN_UNREACHABLE_CODE = YES;
				CLANG_WARN__DUPLICATE_METHOD_MATCH = YES;
				COPY_PHASE_STRIP = NO;
				DEBUG_INFORMATION_FORMAT = "dwarf-with-dsym";
				ENABLE_NS_ASSERTIONS = NO;
				ENABLE_STRICT_OBJC_MSGSEND = YES;
				GCC_C_LANGUAGE_STANDARD = gnu11;
				GCC_NO_COMMON_BLOCKS = YES;
				GCC_WARN_64_TO_32_BIT_CONVERSION = YES;
				GCC_WARN_ABOUT_RETURN_TYPE = YES_ERROR;
				GCC_WARN_UNDECLARED_SELECTOR = YES;
				GCC_WARN_UNINITIALIZED_AUTOS = YES_AGGRESSIVE;
				GCC_WARN_UNUSED_FUNCTION = YES;
				GCC_WARN_UNUSED_VARIABLE = YES;
				IPHONEOS_DEPLOYMENT_TARGET = 13.2;
				MTL_ENABLE_DEBUG_INFO = NO;
				MTL_FAST_MATH = YES;
				SDKROOT = iphoneos;
				SWIFT_COMPILATION_MODE = wholemodule;
				SWIFT_OPTIMIZATION_LEVEL = "-O";
				VALIDATE_PRODUCT = YES;
			};
			name = Release;
		};
		3B563CDC2428881E00230007 /* Debug */ = {
			isa = XCBuildConfiguration;
			buildSettings = {
				ASSETCATALOG_COMPILER_APPICON_NAME = AppIcon;
				CODE_SIGN_STYLE = Automatic;
				DEVELOPMENT_TEAM = GR8QEH76BS;
				INFOPLIST_FILE = concentration2020/Info.plist;
				LD_RUNPATH_SEARCH_PATHS = (
					"$(inherited)",
					"@executable_path/Frameworks",
				);
				PRODUCT_BUNDLE_IDENTIFIER = com.krupakhar.concentration2020;
				PRODUCT_NAME = "$(TARGET_NAME)";
				SWIFT_VERSION = 5.0;
				TARGETED_DEVICE_FAMILY = "1,2";
			};
			name = Debug;
		};
		3B563CDD2428881E00230007 /* Release */ = {
			isa = XCBuildConfiguration;
			buildSettings = {
				ASSETCATALOG_COMPILER_APPICON_NAME = AppIcon;
				CODE_SIGN_STYLE = Automatic;
				DEVELOPMENT_TEAM = GR8QEH76BS;
				INFOPLIST_FILE = concentration2020/Info.plist;
				LD_RUNPATH_SEARCH_PATHS = (
					"$(inherited)",
					"@executable_path/Frameworks",
				);
				PRODUCT_BUNDLE_IDENTIFIER = com.krupakhar.concentration2020;
				PRODUCT_NAME = "$(TARGET_NAME)";
				SWIFT_VERSION = 5.0;
				TARGETED_DEVICE_FAMILY = "1,2";
			};
			name = Release;
		};
/* End XCBuildConfiguration section */

/* Begin XCConfigurationList section */
		3B563CC22428881D00230007 /* Build configuration list for PBXProject "concentration2020" */ = {
			isa = XCConfigurationList;
			buildConfigurations = (
				3B563CD92428881E00230007 /* Debug */,
				3B563CDA2428881E00230007 /* Release */,
			);
			defaultConfigurationIsVisible = 0;
			defaultConfigurationName = Release;
		};
		3B563CDB2428881E00230007 /* Build configuration list for PBXNativeTarget "concentration2020" */ = {
			isa = XCConfigurationList;
			buildConfigurations = (
				3B563CDC2428881E00230007 /* Debug */,
				3B563CDD2428881E00230007 /* Release */,
			);
			defaultConfigurationIsVisible = 0;
			defaultConfigurationName = Release;
		};
/* End XCConfigurationList section */
	};
	rootObject = 3B563CBF2428881D00230007 /* Project object */;
}
